{
  "name": "plain",
  "version": "1.0.0",
  "lockfileVersion": 2,
  "requires": true,
  "packages": {
    "": {
      "name": "plain",
      "version": "1.0.0",
      "license": "ISC",
      "dependencies": {
        "lpp-node": "file:../.."
      }
    },
    "../..": {
      "version": "2.0.0",
      "license": "MIT",
      "dependencies": {
        "@types/lodash": "^4.14.177",
        "@types/node": "^16.11.11",
        "lodash": "^4.17.21"
      },
      "devDependencies": {
        "@types/jest": "^27.0.3",
        "jest": "^27.4.3",
        "node-notifier": "^10.0.0",
        "ts-jest": "^27.0.7",
        "typescript": "^4.5.2"
      }
    },
    "node_modules/lpp-node": {
      "resolved": "../..",
      "link": true
    }
  },
  "dependencies": {
    "lpp-node": {
      "version": "file:../..",
      "requires": {
        "@types/jest": "^27.0.3",
        "@types/lodash": "^4.14.177",
        "@types/node": "^16.11.11",
        "jest": "^27.4.3",
        "lodash": "^4.17.21",
        "node-notifier": "^10.0.0",
        "ts-jest": "^27.0.7",
        "typescript": "^4.5.2"
      }
    }
  }
}
